
Microsoft Visual Studio Solution File, Format Version 12.00
# Visual Studio Version 17
VisualStudioVersion = 17.7.34031.279
MinimumVisualStudioVersion = 10.0.40219.1
Project("{FAE04EC0-301F-11D3-BF4B-00C04F79EFBC}") = "Department-EmployeeConsoleApp", "Department-EmployeeConsoleApp\Department-EmployeeConsoleApp.csproj", "{67C0414B-C13A-4F83-9E1B-D9019B87D186}"
EndProject
Project("{FAE04EC0-301F-11D3-BF4B-00C04F79EFBC}") = "AppClasses", "AppClasses\AppClasses.csproj", "{9154CE2E-0069-4B7C-8899-990C506E097D}"
EndProject
Global
	GlobalSection(SolutionConfigurationPlatforms) = preSolution
		Debug|Any CPU = Debug|Any CPU
		Release|Any CPU = Release|Any CPU
	EndGlobalSection
	GlobalSection(ProjectConfigurationPlatforms) = postSolution
		{67C0414B-C13A-4F83-9E1B-D9019B87D186}.Debug|Any CPU.ActiveCfg = Debug|Any CPU
		{67C0414B-C13A-4F83-9E1B-D9019B87D186}.Debug|Any CPU.Build.0 = Debug|Any CPU
		{67C0414B-C13A-4F83-9E1B-D9019B87D186}.Release|Any CPU.ActiveCfg = Release|Any CPU
		{67C0414B-C13A-4F83-9E1B-D9019B87D186}.Release|Any CPU.Build.0 = Release|Any CPU
		{9154CE2E-0069-4B7C-8899-990C506E097D}.Debug|Any CPU.ActiveCfg = Debug|Any CPU
		{9154CE2E-0069-4B7C-8899-990C506E097D}.Debug|Any CPU.Build.0 = Debug|Any CPU
		{9154CE2E-0069-4B7C-8899-990C506E097D}.Release|Any CPU.ActiveCfg = Release|Any CPU
		{9154CE2E-0069-4B7C-8899-990C506E097D}.Release|Any CPU.Build.0 = Release|Any CPU
	EndGlobalSection
	GlobalSection(SolutionProperties) = preSolution
		HideSolutionNode = FALSE
	EndGlobalSection
	GlobalSection(ExtensibilityGlobals) = postSolution
		SolutionGuid = {F5254213-4C6D-4D37-8E6F-826289C395A7}
	EndGlobalSection
EndGlobal
